
Microsoft Visual Studio Solution File, Format Version 12.00
# Visual Studio Version 17
VisualStudioVersion = 17.14.36623.8
MinimumVisualStudioVersion = 10.0.40219.1
Project("{FAE04EC0-301F-11D3-BF4B-00C04F79EFBC}") = "01. Train", "01. Train\01. Train.csproj", "{C966C5E4-E122-4F08-B70E-D97318723CC0}"
EndProject
Project("{FAE04EC0-301F-11D3-BF4B-00C04F79EFBC}") = "02. Change List", "02. Change List\02. Change List.csproj", "{ED25717E-0865-4E7A-8010-934D47F6F293}"
EndProject
Project("{FAE04EC0-301F-11D3-BF4B-00C04F79EFBC}") = "03. House Party", "03. House Party\03. House Party.csproj", "{1E337964-D3EC-4713-85FF-1F7CDEF924BD}"
EndProject
Project("{FAE04EC0-301F-11D3-BF4B-00C04F79EFBC}") = "04. List Operations", "04. List Operations\04. List Operations.csproj", "{83D255BC-492A-4A26-A84F-81E3E4074246}"
EndProject
Project("{FAE04EC0-301F-11D3-BF4B-00C04F79EFBC}") = "05. Bomb Numbers", "05. Bomb Numbers\05. Bomb Numbers.csproj", "{94D5CF7E-B21D-40C5-9CB1-6D7B24C3C8F9}"
EndProject
Project("{FAE04EC0-301F-11D3-BF4B-00C04F79EFBC}") = "06. Cards Game", "06. Cards Game\06. Cards Game.csproj", "{12FFF687-7F05-40DA-898F-33C8C6AD0FDF}"
EndProject
Global
	GlobalSection(SolutionConfigurationPlatforms) = preSolution
		Debug|Any CPU = Debug|Any CPU
		Release|Any CPU = Release|Any CPU
	EndGlobalSection
	GlobalSection(ProjectConfigurationPlatforms) = postSolution
		{C966C5E4-E122-4F08-B70E-D97318723CC0}.Debug|Any CPU.ActiveCfg = Debug|Any CPU
		{C966C5E4-E122-4F08-B70E-D97318723CC0}.Debug|Any CPU.Build.0 = Debug|Any CPU
		{C966C5E4-E122-4F08-B70E-D97318723CC0}.Release|Any CPU.ActiveCfg = Release|Any CPU
		{C966C5E4-E122-4F08-B70E-D97318723CC0}.Release|Any CPU.Build.0 = Release|Any CPU
		{ED25717E-0865-4E7A-8010-934D47F6F293}.Debug|Any CPU.ActiveCfg = Debug|Any CPU
		{ED25717E-0865-4E7A-8010-934D47F6F293}.Debug|Any CPU.Build.0 = Debug|Any CPU
		{ED25717E-0865-4E7A-8010-934D47F6F293}.Release|Any CPU.ActiveCfg = Release|Any CPU
		{ED25717E-0865-4E7A-8010-934D47F6F293}.Release|Any CPU.Build.0 = Release|Any CPU
		{1E337964-D3EC-4713-85FF-1F7CDEF924BD}.Debug|Any CPU.ActiveCfg = Debug|Any CPU
		{1E337964-D3EC-4713-85FF-1F7CDEF924BD}.Debug|Any CPU.Build.0 = Debug|Any CPU
		{1E337964-D3EC-4713-85FF-1F7CDEF924BD}.Release|Any CPU.ActiveCfg = Release|Any CPU
		{1E337964-D3EC-4713-85FF-1F7CDEF924BD}.Release|Any CPU.Build.0 = Release|Any CPU
		{83D255BC-492A-4A26-A84F-81E3E4074246}.Debug|Any CPU.ActiveCfg = Debug|Any CPU
		{83D255BC-492A-4A26-A84F-81E3E4074246}.Debug|Any CPU.Build.0 = Debug|Any CPU
		{83D255BC-492A-4A26-A84F-81E3E4074246}.Release|Any CPU.ActiveCfg = Release|Any CPU
		{83D255BC-492A-4A26-A84F-81E3E4074246}.Release|Any CPU.Build.0 = Release|Any CPU
		{94D5CF7E-B21D-40C5-9CB1-6D7B24C3C8F9}.Debug|Any CPU.ActiveCfg = Debug|Any CPU
		{94D5CF7E-B21D-40C5-9CB1-6D7B24C3C8F9}.Debug|Any CPU.Build.0 = Debug|Any CPU
		{94D5CF7E-B21D-40C5-9CB1-6D7B24C3C8F9}.Release|Any CPU.ActiveCfg = Release|Any CPU
		{94D5CF7E-B21D-40C5-9CB1-6D7B24C3C8F9}.Release|Any CPU.Build.0 = Release|Any CPU
		{12FFF687-7F05-40DA-898F-33C8C6AD0FDF}.Debug|Any CPU.ActiveCfg = Debug|Any CPU
		{12FFF687-7F05-40DA-898F-33C8C6AD0FDF}.Debug|Any CPU.Build.0 = Debug|Any CPU
		{12FFF687-7F05-40DA-898F-33C8C6AD0FDF}.Release|Any CPU.ActiveCfg = Release|Any CPU
		{12FFF687-7F05-40DA-898F-33C8C6AD0FDF}.Release|Any CPU.Build.0 = Release|Any CPU
	EndGlobalSection
	GlobalSection(SolutionProperties) = preSolution
		HideSolutionNode = FALSE
	EndGlobalSection
	GlobalSection(ExtensibilityGlobals) = postSolution
		SolutionGuid = {1994945B-80CF-4DC2-A05C-D0DC76F438C4}
	EndGlobalSection
EndGlobal
